
Microsoft Visual Studio Solution File, Format Version 12.00
# Visual Studio 15
VisualStudioVersion = 15.0.27130.2027
MinimumVisualStudioVersion = 10.0.40219.1
Project("{FAE04EC0-301F-11D3-BF4B-00C04F79EFBC}") = "AngularMvc5", "AngularMvc5\AngularMvc5.csproj", "{EDB4E3C9-D9BF-4D3F-A74A-E69EDC95B2F6}"
EndProject
Project("{FAE04EC0-301F-11D3-BF4B-00C04F79EFBC}") = "AngularMvc5.Tests", "AngularMvc5.Tests\AngularMvc5.Tests.csproj", "{C2EEA7A8-250C-4BBF-88B8-EFC0D39BFD73}"
EndProject
Global
	GlobalSection(SolutionConfigurationPlatforms) = preSolution
		Debug|Any CPU = Debug|Any CPU
		Release|Any CPU = Release|Any CPU
	EndGlobalSection
	GlobalSection(ProjectConfigurationPlatforms) = postSolution
		{EDB4E3C9-D9BF-4D3F-A74A-E69EDC95B2F6}.Debug|Any CPU.ActiveCfg = Debug|Any CPU
		{EDB4E3C9-D9BF-4D3F-A74A-E69EDC95B2F6}.Debug|Any CPU.Build.0 = Debug|Any CPU
		{EDB4E3C9-D9BF-4D3F-A74A-E69EDC95B2F6}.Release|Any CPU.ActiveCfg = Release|Any CPU
		{EDB4E3C9-D9BF-4D3F-A74A-E69EDC95B2F6}.Release|Any CPU.Build.0 = Release|Any CPU
		{C2EEA7A8-250C-4BBF-88B8-EFC0D39BFD73}.Debug|Any CPU.ActiveCfg = Debug|Any CPU
		{C2EEA7A8-250C-4BBF-88B8-EFC0D39BFD73}.Debug|Any CPU.Build.0 = Debug|Any CPU
		{C2EEA7A8-250C-4BBF-88B8-EFC0D39BFD73}.Release|Any CPU.ActiveCfg = Release|Any CPU
		{C2EEA7A8-250C-4BBF-88B8-EFC0D39BFD73}.Release|Any CPU.Build.0 = Release|Any CPU
	EndGlobalSection
	GlobalSection(SolutionProperties) = preSolution
		HideSolutionNode = FALSE
	EndGlobalSection
	GlobalSection(ExtensibilityGlobals) = postSolution
		SolutionGuid = {6866827D-04B9-4994-B394-F5DFFD1BDE66}
	EndGlobalSection
EndGlobal
